
Microsoft Visual Studio Solution File, Format Version 12.00
# Visual Studio Version 17
VisualStudioVersion = 17.11.35312.102
MinimumVisualStudioVersion = 10.0.40219.1
Project("{FAE04EC0-301F-11D3-BF4B-00C04F79EFBC}") = "Laboratorio 3", "Laboratorio 3\Laboratorio 3.csproj", "{7588048A-FC8E-4B47-BF1C-106C335E1061}"
EndProject
Global
	GlobalSection(SolutionConfigurationPlatforms) = preSolution
		Debug|Any CPU = Debug|Any CPU
		Release|Any CPU = Release|Any CPU
	EndGlobalSection
	GlobalSection(ProjectConfigurationPlatforms) = postSolution
		{7588048A-FC8E-4B47-BF1C-106C335E1061}.Debug|Any CPU.ActiveCfg = Debug|Any CPU
		{7588048A-FC8E-4B47-BF1C-106C335E1061}.Debug|Any CPU.Build.0 = Debug|Any CPU
		{7588048A-FC8E-4B47-BF1C-106C335E1061}.Release|Any CPU.ActiveCfg = Release|Any CPU
		{7588048A-FC8E-4B47-BF1C-106C335E1061}.Release|Any CPU.Build.0 = Release|Any CPU
	EndGlobalSection
	GlobalSection(SolutionProperties) = preSolution
		HideSolutionNode = FALSE
	EndGlobalSection
	GlobalSection(ExtensibilityGlobals) = postSolution
		SolutionGuid = {5B8776DE-79FF-4054-BCD3-22579677C5AA}
	EndGlobalSection
EndGlobal
